<?xml version="1.0" encoding="UTF-8" standalone="yes" ?>
<CodeBlocks_project_file>
	<FileVersion major="1" minor="6" />
	<Project>
		<Option title="TrianguloSerpinski" />
		<Option pch_mode="2" />
		<Option compiler="gcc" />
		<Build>
			<Target title="Debug">
				<Option output="bin/Debug/TrianguloSerpinski" prefix_auto="1" extension_auto="1" />
				<Option working_dir="C:/Users/ualis/Desktop/5º SEMESTRE/COMPUTAÇÃO GRÁFICA/GLUT/glut-3.7.6-bin/bin" />
				<Option object_output="obj/Debug/" />
				<Option type="1" />
				<Option compiler="gcc" />
				<Compiler>
					<Add option="-g" />
				</Compiler>
			</Target>
			<Target title="Release">
				<Option output="bin/Release/TrianguloSerpinski" prefix_auto="1" extension_auto="1" />
				<Option working_dir="C:/Users/ualis/Desktop/5º SEMESTRE/COMPUTAÇÃO GRÁFICA/GLUT/glut-3.7.6-bin/bin" />
				<Option object_output="obj/Release/" />
				<Option type="0" />
				<Option compiler="gcc" />
				<Compiler>
					<Add option="-O2" />
				</Compiler>
				<Linker>
					<Add option="-s" />
				</Linker>
			</Target>
		</Build>
		<Compiler>
			<Add option="-Wall" />
			<Add directory="C:/Users/ualis/Desktop/5º SEMESTRE/COMPUTAÇÃO GRÁFICA/GLUT/glut-3.7.6-bin/include" />
		</Compiler>
		<Linker>
			<Add library="glut32" />
			<Add library="opengl32" />
			<Add library="glu32" />
			<Add library="winmm" />
			<Add library="gdi32" />
			<Add directory="C:/Users/ualis/Desktop/5º SEMESTRE/COMPUTAÇÃO GRÁFICA/GLUT/glut-3.7.6-bin/lib" />
		</Linker>
		<Unit filename="TrianguloSierpinski3D.cpp" />
		<Extensions>
			<code_completion />
			<envvars />
			<debugger />
		</Extensions>
	</Project>
</CodeBlocks_project_file>
